// !$*UTF8*$!
{
	archiveVersion = 1;
	classes = {
	};
	objectVersion = 56;
	objects = {

/* Begin PBXBuildFile section */
		87D3E5F92AA7B40E00CC37E0 /* ChoicesView.swift in Sources */ = {isa = PBXBuildFile; fileRef = 87D3E5F22AA7B40E00CC37E0 /* ChoicesView.swift */; };
		87D3E5FA2AA7B40E00CC37E0 /* QuestionView.swift in Sources */ = {isa = PBXBuildFile; fileRef = 87D3E5F32AA7B40E00CC37E0 /* QuestionView.swift */; };
		87D3E5FB2AA7B40E00CC37E0 /* CongratulationsView.swift in Sources */ = {isa = PBXBuildFile; fileRef = 87D3E5F42AA7B40E00CC37E0 /* CongratulationsView.swift */; };
		87D3E5FC2AA7B40E00CC37E0 /* ChallengesViewModel.swift in Sources */ = {isa = PBXBuildFile; fileRef = 87D3E5F52AA7B40E00CC37E0 /* ChallengesViewModel.swift */; };
		87D3E5FD2AA7B40E00CC37E0 /* PracticeView.swift in Sources */ = {isa = PBXBuildFile; fileRef = 87D3E5F62AA7B40E00CC37E0 /* PracticeView.swift */; };
		87D3E5FE2AA7B40E00CC37E0 /* ChallengeView.swift in Sources */ = {isa = PBXBuildFile; fileRef = 87D3E5F72AA7B40E00CC37E0 /* ChallengeView.swift */; };
		87D3E5FF2AA7B40E00CC37E0 /* ChoicesRow.swift in Sources */ = {isa = PBXBuildFile; fileRef = 87D3E5F82AA7B40E00CC37E0 /* ChoicesRow.swift */; };
		87D3E6022AA7B48500CC37E0 /* HistoryView.swift in Sources */ = {isa = PBXBuildFile; fileRef = 87D3E6002AA7B48500CC37E0 /* HistoryView.swift */; };
		87D3E6032AA7B48500CC37E0 /* StarterView.swift in Sources */ = {isa = PBXBuildFile; fileRef = 87D3E6012AA7B48500CC37E0 /* StarterView.swift */; };
		87F9C1C62AA3942800C962D9 /* KuchiApp.swift in Sources */ = {isa = PBXBuildFile; fileRef = 87F9C1C52AA3942800C962D9 /* KuchiApp.swift */; };
		87F9C1CD2AA3942900C962D9 /* Preview Assets.xcassets in Resources */ = {isa = PBXBuildFile; fileRef = 87F9C1CC2AA3942900C962D9 /* Preview Assets.xcassets */; };
		87F9C1D42AA3944500C962D9 /* HomeView.swift in Sources */ = {isa = PBXBuildFile; fileRef = 87F9C1D32AA3944500C962D9 /* HomeView.swift */; };
		87F9C1DC2AA3945B00C962D9 /* Assets.xcassets in Resources */ = {isa = PBXBuildFile; fileRef = 87F9C1D82AA3945B00C962D9 /* Assets.xcassets */; };
		87F9C1DD2AA3945B00C962D9 /* Preview Assets.xcassets in Resources */ = {isa = PBXBuildFile; fileRef = 87F9C1DA2AA3945B00C962D9 /* Preview Assets.xcassets */; };
		87F9C1DE2AA3945B00C962D9 /* jp.json in Resources */ = {isa = PBXBuildFile; fileRef = 87F9C1DB2AA3945B00C962D9 /* jp.json */; };
		87F9C1E12AA394CD00C962D9 /* WelcomeView.swift in Sources */ = {isa = PBXBuildFile; fileRef = 87F9C1E02AA394CD00C962D9 /* WelcomeView.swift */; };
		87F9C1E32AA39BC200C962D9 /* HorizontallyAlignedLabelStyle.swift in Sources */ = {isa = PBXBuildFile; fileRef = 87F9C1E22AA39BC200C962D9 /* HorizontallyAlignedLabelStyle.swift */; };
		87F9C1E62AA39DD500C962D9 /* Profile.swift in Sources */ = {isa = PBXBuildFile; fileRef = 87F9C1E52AA39DD500C962D9 /* Profile.swift */; };
		87F9C1E82AA39DDC00C962D9 /* Settings.swift in Sources */ = {isa = PBXBuildFile; fileRef = 87F9C1E72AA39DDC00C962D9 /* Settings.swift */; };
		87F9C1EA2AA39DEF00C962D9 /* UserManagement.swift in Sources */ = {isa = PBXBuildFile; fileRef = 87F9C1E92AA39DEF00C962D9 /* UserManagement.swift */; };
		87F9C1ED2AA39E9400C962D9 /* WelcomeBackgroundImage.swift in Sources */ = {isa = PBXBuildFile; fileRef = 87F9C1EC2AA39E9400C962D9 /* WelcomeBackgroundImage.swift */; };
		87F9C1EF2AA39EDB00C962D9 /* LogoImage.swift in Sources */ = {isa = PBXBuildFile; fileRef = 87F9C1EE2AA39EDB00C962D9 /* LogoImage.swift */; };
		87F9C1F12AA39EFF00C962D9 /* WelcomeMessageView.swift in Sources */ = {isa = PBXBuildFile; fileRef = 87F9C1F02AA39EFF00C962D9 /* WelcomeMessageView.swift */; };
		87F9C1F32AA39F4800C962D9 /* RegisterView.swift in Sources */ = {isa = PBXBuildFile; fileRef = 87F9C1F22AA39F4800C962D9 /* RegisterView.swift */; };
		87F9C1F52AA3A3F200C962D9 /* BorderedViewModifier.swift in Sources */ = {isa = PBXBuildFile; fileRef = 87F9C1F42AA3A3F200C962D9 /* BorderedViewModifier.swift */; };
/* End PBXBuildFile section */

/* Begin PBXFileReference section */
		87D3E5F22AA7B40E00CC37E0 /* ChoicesView.swift */ = {isa = PBXFileReference; fileEncoding = 4; lastKnownFileType = sourcecode.swift; path = ChoicesView.swift; sourceTree = "<group>"; };
		87D3E5F32AA7B40E00CC37E0 /* QuestionView.swift */ = {isa = PBXFileReference; fileEncoding = 4; lastKnownFileType = sourcecode.swift; path = QuestionView.swift; sourceTree = "<group>"; };
		87D3E5F42AA7B40E00CC37E0 /* CongratulationsView.swift */ = {isa = PBXFileReference; fileEncoding = 4; lastKnownFileType = sourcecode.swift; path = CongratulationsView.swift; sourceTree = "<group>"; };
		87D3E5F52AA7B40E00CC37E0 /* ChallengesViewModel.swift */ = {isa = PBXFileReference; fileEncoding = 4; lastKnownFileType = sourcecode.swift; path = ChallengesViewModel.swift; sourceTree = "<group>"; };
		87D3E5F62AA7B40E00CC37E0 /* PracticeView.swift */ = {isa = PBXFileReference; fileEncoding = 4; lastKnownFileType = sourcecode.swift; path = PracticeView.swift; sourceTree = "<group>"; };
		87D3E5F72AA7B40E00CC37E0 /* ChallengeView.swift */ = {isa = PBXFileReference; fileEncoding = 4; lastKnownFileType = sourcecode.swift; path = ChallengeView.swift; sourceTree = "<group>"; };
		87D3E5F82AA7B40E00CC37E0 /* ChoicesRow.swift */ = {isa = PBXFileReference; fileEncoding = 4; lastKnownFileType = sourcecode.swift; path = ChoicesRow.swift; sourceTree = "<group>"; };
		87D3E6002AA7B48500CC37E0 /* HistoryView.swift */ = {isa = PBXFileReference; fileEncoding = 4; lastKnownFileType = sourcecode.swift; path = HistoryView.swift; sourceTree = "<group>"; };
		87D3E6012AA7B48500CC37E0 /* StarterView.swift */ = {isa = PBXFileReference; fileEncoding = 4; lastKnownFileType = sourcecode.swift; path = StarterView.swift; sourceTree = "<group>"; };
		87F9C1C22AA3942800C962D9 /* Kuchi.app */ = {isa = PBXFileReference; explicitFileType = wrapper.application; includeInIndex = 0; path = Kuchi.app; sourceTree = BUILT_PRODUCTS_DIR; };
		87F9C1C52AA3942800C962D9 /* KuchiApp.swift */ = {isa = PBXFileReference; lastKnownFileType = sourcecode.swift; path = KuchiApp.swift; sourceTree = "<group>"; };
		87F9C1CC2AA3942900C962D9 /* Preview Assets.xcassets */ = {isa = PBXFileReference; lastKnownFileType = folder.assetcatalog; path = "Preview Assets.xcassets"; sourceTree = "<group>"; };
		87F9C1D32AA3944500C962D9 /* HomeView.swift */ = {isa = PBXFileReference; fileEncoding = 4; lastKnownFileType = sourcecode.swift; path = HomeView.swift; sourceTree = "<group>"; };
		87F9C1D82AA3945B00C962D9 /* Assets.xcassets */ = {isa = PBXFileReference; lastKnownFileType = folder.assetcatalog; path = Assets.xcassets; sourceTree = "<group>"; };
		87F9C1DA2AA3945B00C962D9 /* Preview Assets.xcassets */ = {isa = PBXFileReference; lastKnownFileType = folder.assetcatalog; path = "Preview Assets.xcassets"; sourceTree = "<group>"; };
		87F9C1DB2AA3945B00C962D9 /* jp.json */ = {isa = PBXFileReference; fileEncoding = 4; lastKnownFileType = text.json; path = jp.json; sourceTree = "<group>"; };
		87F9C1E02AA394CD00C962D9 /* WelcomeView.swift */ = {isa = PBXFileReference; lastKnownFileType = sourcecode.swift; path = WelcomeView.swift; sourceTree = "<group>"; };
		87F9C1E22AA39BC200C962D9 /* HorizontallyAlignedLabelStyle.swift */ = {isa = PBXFileReference; lastKnownFileType = sourcecode.swift; path = HorizontallyAlignedLabelStyle.swift; sourceTree = "<group>"; };
		87F9C1E52AA39DD500C962D9 /* Profile.swift */ = {isa = PBXFileReference; lastKnownFileType = sourcecode.swift; path = Profile.swift; sourceTree = "<group>"; };
		87F9C1E72AA39DDC00C962D9 /* Settings.swift */ = {isa = PBXFileReference; lastKnownFileType = sourcecode.swift; path = Settings.swift; sourceTree = "<group>"; };
		87F9C1E92AA39DEF00C962D9 /* UserManagement.swift */ = {isa = PBXFileReference; lastKnownFileType = sourcecode.swift; path = UserManagement.swift; sourceTree = "<group>"; };
		87F9C1EC2AA39E9400C962D9 /* WelcomeBackgroundImage.swift */ = {isa = PBXFileReference; lastKnownFileType = sourcecode.swift; path = WelcomeBackgroundImage.swift; sourceTree = "<group>"; };
		87F9C1EE2AA39EDB00C962D9 /* LogoImage.swift */ = {isa = PBXFileReference; lastKnownFileType = sourcecode.swift; path = LogoImage.swift; sourceTree = "<group>"; };
		87F9C1F02AA39EFF00C962D9 /* WelcomeMessageView.swift */ = {isa = PBXFileReference; lastKnownFileType = sourcecode.swift; path = WelcomeMessageView.swift; sourceTree = "<group>"; };
		87F9C1F22AA39F4800C962D9 /* RegisterView.swift */ = {isa = PBXFileReference; lastKnownFileType = sourcecode.swift; path = RegisterView.swift; sourceTree = "<group>"; };
		87F9C1F42AA3A3F200C962D9 /* BorderedViewModifier.swift */ = {isa = PBXFileReference; lastKnownFileType = sourcecode.swift; path = BorderedViewModifier.swift; sourceTree = "<group>"; };
/* End PBXFileReference section */

/* Begin PBXFrameworksBuildPhase section */
		87F9C1BF2AA3942800C962D9 /* Frameworks */ = {
			isa = PBXFrameworksBuildPhase;
			buildActionMask = 2147483647;
			files = (
			);
			runOnlyForDeploymentPostprocessing = 0;
		};
/* End PBXFrameworksBuildPhase section */

/* Begin PBXGroup section */
		87D3E5F12AA7B40E00CC37E0 /* Practice */ = {
			isa = PBXGroup;
			children = (
				87D3E5F22AA7B40E00CC37E0 /* ChoicesView.swift */,
				87D3E5F32AA7B40E00CC37E0 /* QuestionView.swift */,
				87D3E5F42AA7B40E00CC37E0 /* CongratulationsView.swift */,
				87D3E5F52AA7B40E00CC37E0 /* ChallengesViewModel.swift */,
				87D3E5F62AA7B40E00CC37E0 /* PracticeView.swift */,
				87D3E5F72AA7B40E00CC37E0 /* ChallengeView.swift */,
				87D3E5F82AA7B40E00CC37E0 /* ChoicesRow.swift */,
			);
			path = Practice;
			sourceTree = "<group>";
		};
		87F9C1B92AA3942800C962D9 = {
			isa = PBXGroup;
			children = (
				87F9C1C42AA3942800C962D9 /* Kuchi */,
				87F9C1C32AA3942800C962D9 /* Products */,
			);
			sourceTree = "<group>";
		};
		87F9C1C32AA3942800C962D9 /* Products */ = {
			isa = PBXGroup;
			children = (
				87F9C1C22AA3942800C962D9 /* Kuchi.app */,
			);
			name = Products;
			sourceTree = "<group>";
		};
		87F9C1C42AA3942800C962D9 /* Kuchi */ = {
			isa = PBXGroup;
			children = (
				87F9C1C52AA3942800C962D9 /* KuchiApp.swift */,
				87F9C1DF2AA394B500C962D9 /* Welcome */,
				87D3E5F12AA7B40E00CC37E0 /* Practice */,
				87F9C1E42AA39DC400C962D9 /* Profile */,
				87F9C1D32AA3944500C962D9 /* HomeView.swift */,
				87F9C1D72AA3945B00C962D9 /* Resources */,
				87F9C1CB2AA3942900C962D9 /* Preview Content */,
			);
			path = Kuchi;
			sourceTree = "<group>";
		};
		87F9C1CB2AA3942900C962D9 /* Preview Content */ = {
			isa = PBXGroup;
			children = (
				87F9C1CC2AA3942900C962D9 /* Preview Assets.xcassets */,
			);
			path = "Preview Content";
			sourceTree = "<group>";
		};
		87F9C1D72AA3945B00C962D9 /* Resources */ = {
			isa = PBXGroup;
			children = (
				87F9C1D82AA3945B00C962D9 /* Assets.xcassets */,
				87F9C1D92AA3945B00C962D9 /* Preview Content */,
				87F9C1DB2AA3945B00C962D9 /* jp.json */,
			);
			path = Resources;
			sourceTree = "<group>";
		};
		87F9C1D92AA3945B00C962D9 /* Preview Content */ = {
			isa = PBXGroup;
			children = (
				87F9C1DA2AA3945B00C962D9 /* Preview Assets.xcassets */,
			);
			path = "Preview Content";
			sourceTree = "<group>";
		};
		87F9C1DF2AA394B500C962D9 /* Welcome */ = {
			isa = PBXGroup;
			children = (
				87F9C1EB2AA39E8200C962D9 /* Components */,
				87F9C1E02AA394CD00C962D9 /* WelcomeView.swift */,
				87F9C1F22AA39F4800C962D9 /* RegisterView.swift */,
				87F9C1E22AA39BC200C962D9 /* HorizontallyAlignedLabelStyle.swift */,
				87D3E6002AA7B48500CC37E0 /* HistoryView.swift */,
				87D3E6012AA7B48500CC37E0 /* StarterView.swift */,
			);
			path = Welcome;
			sourceTree = "<group>";
		};
		87F9C1E42AA39DC400C962D9 /* Profile */ = {
			isa = PBXGroup;
			children = (
				87F9C1E52AA39DD500C962D9 /* Profile.swift */,
				87F9C1E72AA39DDC00C962D9 /* Settings.swift */,
				87F9C1E92AA39DEF00C962D9 /* UserManagement.swift */,
			);
			path = Profile;
			sourceTree = "<group>";
		};
		87F9C1EB2AA39E8200C962D9 /* Components */ = {
			isa = PBXGroup;
			children = (
				87F9C1EC2AA39E9400C962D9 /* WelcomeBackgroundImage.swift */,
				87F9C1F02AA39EFF00C962D9 /* WelcomeMessageView.swift */,
				87F9C1EE2AA39EDB00C962D9 /* LogoImage.swift */,
				87F9C1F42AA3A3F200C962D9 /* BorderedViewModifier.swift */,
			);
			path = Components;
			sourceTree = "<group>";
		};
/* End PBXGroup section */

/* Begin PBXNativeTarget section */
		87F9C1C12AA3942800C962D9 /* Kuchi */ = {
			isa = PBXNativeTarget;
			buildConfigurationList = 87F9C1D02AA3942900C962D9 /* Build configuration list for PBXNativeTarget "Kuchi" */;
			buildPhases = (
				87F9C1BE2AA3942800C962D9 /* Sources */,
				87F9C1BF2AA3942800C962D9 /* Frameworks */,
				87F9C1C02AA3942800C962D9 /* Resources */,
			);
			buildRules = (
			);
			dependencies = (
			);
			name = Kuchi;
			productName = Kuchi;
			productReference = 87F9C1C22AA3942800C962D9 /* Kuchi.app */;
			productType = "com.apple.product-type.application";
		};
/* End PBXNativeTarget section */

/* Begin PBXProject section */
		87F9C1BA2AA3942800C962D9 /* Project object */ = {
			isa = PBXProject;
			attributes = {
				BuildIndependentTargetsInParallel = 1;
				LastSwiftUpdateCheck = 1430;
				LastUpgradeCheck = 1430;
				TargetAttributes = {
					87F9C1C12AA3942800C962D9 = {
						CreatedOnToolsVersion = 14.3.1;
					};
				};
			};
			buildConfigurationList = 87F9C1BD2AA3942800C962D9 /* Build configuration list for PBXProject "Kuchi" */;
			compatibilityVersion = "Xcode 14.0";
			developmentRegion = en;
			hasScannedForEncodings = 0;
			knownRegions = (
				en,
				Base,
			);
			mainGroup = 87F9C1B92AA3942800C962D9;
			productRefGroup = 87F9C1C32AA3942800C962D9 /* Products */;
			projectDirPath = "";
			projectRoot = "";
			targets = (
				87F9C1C12AA3942800C962D9 /* Kuchi */,
			);
		};
/* End PBXProject section */

/* Begin PBXResourcesBuildPhase section */
		87F9C1C02AA3942800C962D9 /* Resources */ = {
			isa = PBXResourcesBuildPhase;
			buildActionMask = 2147483647;
			files = (
				87F9C1DC2AA3945B00C962D9 /* Assets.xcassets in Resources */,
				87F9C1DE2AA3945B00C962D9 /* jp.json in Resources */,
				87F9C1DD2AA3945B00C962D9 /* Preview Assets.xcassets in Resources */,
				87F9C1CD2AA3942900C962D9 /* Preview Assets.xcassets in Resources */,
			);
			runOnlyForDeploymentPostprocessing = 0;
		};
/* End PBXResourcesBuildPhase section */

/* Begin PBXSourcesBuildPhase section */
		87F9C1BE2AA3942800C962D9 /* Sources */ = {
			isa = PBXSourcesBuildPhase;
			buildActionMask = 2147483647;
			files = (
				87F9C1F32AA39F4800C962D9 /* RegisterView.swift in Sources */,
				87F9C1D42AA3944500C962D9 /* HomeView.swift in Sources */,
				87F9C1F52AA3A3F200C962D9 /* BorderedViewModifier.swift in Sources */,
				87D3E5FD2AA7B40E00CC37E0 /* PracticeView.swift in Sources */,
				87F9C1E62AA39DD500C962D9 /* Profile.swift in Sources */,
				87F9C1E82AA39DDC00C962D9 /* Settings.swift in Sources */,
				87F9C1F12AA39EFF00C962D9 /* WelcomeMessageView.swift in Sources */,
				87D3E5FC2AA7B40E00CC37E0 /* ChallengesViewModel.swift in Sources */,
				87F9C1EF2AA39EDB00C962D9 /* LogoImage.swift in Sources */,
				87F9C1EA2AA39DEF00C962D9 /* UserManagement.swift in Sources */,
				87F9C1E12AA394CD00C962D9 /* WelcomeView.swift in Sources */,
				87F9C1E32AA39BC200C962D9 /* HorizontallyAlignedLabelStyle.swift in Sources */,
				87D3E5FB2AA7B40E00CC37E0 /* CongratulationsView.swift in Sources */,
				87D3E5FA2AA7B40E00CC37E0 /* QuestionView.swift in Sources */,
				87D3E6032AA7B48500CC37E0 /* StarterView.swift in Sources */,
				87D3E5FE2AA7B40E00CC37E0 /* ChallengeView.swift in Sources */,
				87F9C1ED2AA39E9400C962D9 /* WelcomeBackgroundImage.swift in Sources */,
				87D3E5F92AA7B40E00CC37E0 /* ChoicesView.swift in Sources */,
				87D3E6022AA7B48500CC37E0 /* HistoryView.swift in Sources */,
				87D3E5FF2AA7B40E00CC37E0 /* ChoicesRow.swift in Sources */,
				87F9C1C62AA3942800C962D9 /* KuchiApp.swift in Sources */,
			);
			runOnlyForDeploymentPostprocessing = 0;
		};
/* End PBXSourcesBuildPhase section */

/* Begin XCBuildConfiguration section */
		87F9C1CE2AA3942900C962D9 /* Debug */ = {
			isa = XCBuildConfiguration;
			buildSettings = {
				ALWAYS_SEARCH_USER_PATHS = NO;
				CLANG_ANALYZER_NONNULL = YES;
				CLANG_ANALYZER_NUMBER_OBJECT_CONVERSION = YES_AGGRESSIVE;
				CLANG_CXX_LANGUAGE_STANDARD = "gnu++20";
				CLANG_ENABLE_MODULES = YES;
				CLANG_ENABLE_OBJC_ARC = YES;
				CLANG_ENABLE_OBJC_WEAK = YES;
				CLANG_WARN_BLOCK_CAPTURE_AUTORELEASING = YES;
				CLANG_WARN_BOOL_CONVERSION = YES;
				CLANG_WARN_COMMA = YES;
				CLANG_WARN_CONSTANT_CONVERSION = YES;
				CLANG_WARN_DEPRECATED_OBJC_IMPLEMENTATIONS = YES;
				CLANG_WARN_DIRECT_OBJC_ISA_USAGE = YES_ERROR;
				CLANG_WARN_DOCUMENTATION_COMMENTS = YES;
				CLANG_WARN_EMPTY_BODY = YES;
				CLANG_WARN_ENUM_CONVERSION = YES;
				CLANG_WARN_INFINITE_RECURSION = YES;
				CLANG_WARN_INT_CONVERSION = YES;
				CLANG_WARN_NON_LITERAL_NULL_CONVERSION = YES;
				CLANG_WARN_OBJC_IMPLICIT_RETAIN_SELF = YES;
				CLANG_WARN_OBJC_LITERAL_CONVERSION = YES;
				CLANG_WARN_OBJC_ROOT_CLASS = YES_ERROR;
				CLANG_WARN_QUOTED_INCLUDE_IN_FRAMEWORK_HEADER = YES;
				CLANG_WARN_RANGE_LOOP_ANALYSIS = YES;
				CLANG_WARN_STRICT_PROTOTYPES = YES;
				CLANG_WARN_SUSPICIOUS_MOVE = YES;
				CLANG_WARN_UNGUARDED_AVAILABILITY = YES_AGGRESSIVE;
				CLANG_WARN_UNREACHABLE_CODE = YES;
				CLANG_WARN__DUPLICATE_METHOD_MATCH = YES;
				COPY_PHASE_STRIP = NO;
				DEBUG_INFORMATION_FORMAT = dwarf;
				ENABLE_STRICT_OBJC_MSGSEND = YES;
				ENABLE_TESTABILITY = YES;
				GCC_C_LANGUAGE_STANDARD = gnu11;
				GCC_DYNAMIC_NO_PIC = NO;
				GCC_NO_COMMON_BLOCKS = YES;
				GCC_OPTIMIZATION_LEVEL = 0;
				GCC_PREPROCESSOR_DEFINITIONS = (
					"DEBUG=1",
					"$(inherited)",
				);
				GCC_WARN_64_TO_32_BIT_CONVERSION = YES;
				GCC_WARN_ABOUT_RETURN_TYPE = YES_ERROR;
				GCC_WARN_UNDECLARED_SELECTOR = YES;
				GCC_WARN_UNINITIALIZED_AUTOS = YES_AGGRESSIVE;
				GCC_WARN_UNUSED_FUNCTION = YES;
				GCC_WARN_UNUSED_VARIABLE = YES;
				IPHONEOS_DEPLOYMENT_TARGET = 16.4;
				MTL_ENABLE_DEBUG_INFO = INCLUDE_SOURCE;
				MTL_FAST_MATH = YES;
				ONLY_ACTIVE_ARCH = YES;
				SDKROOT = iphoneos;
				SWIFT_ACTIVE_COMPILATION_CONDITIONS = DEBUG;
				SWIFT_OPTIMIZATION_LEVEL = "-Onone";
			};
			name = Debug;
		};
		87F9C1CF2AA3942900C962D9 /* Release */ = {
			isa = XCBuildConfiguration;
			buildSettings = {
				ALWAYS_SEARCH_USER_PATHS = NO;
				CLANG_ANALYZER_NONNULL = YES;
				CLANG_ANALYZER_NUMBER_OBJECT_CONVERSION = YES_AGGRESSIVE;
				CLANG_CXX_LANGUAGE_STANDARD = "gnu++20";
				CLANG_ENABLE_MODULES = YES;
				CLANG_ENABLE_OBJC_ARC = YES;
				CLANG_ENABLE_OBJC_WEAK = YES;
				CLANG_WARN_BLOCK_CAPTURE_AUTORELEASING = YES;
				CLANG_WARN_BOOL_CONVERSION = YES;
				CLANG_WARN_COMMA = YES;
				CLANG_WARN_CONSTANT_CONVERSION = YES;
				CLANG_WARN_DEPRECATED_OBJC_IMPLEMENTATIONS = YES;
				CLANG_WARN_DIRECT_OBJC_ISA_USAGE = YES_ERROR;
				CLANG_WARN_DOCUMENTATION_COMMENTS = YES;
				CLANG_WARN_EMPTY_BODY = YES;
				CLANG_WARN_ENUM_CONVERSION = YES;
				CLANG_WARN_INFINITE_RECURSION = YES;
				CLANG_WARN_INT_CONVERSION = YES;
				CLANG_WARN_NON_LITERAL_NULL_CONVERSION = YES;
				CLANG_WARN_OBJC_IMPLICIT_RETAIN_SELF = YES;
				CLANG_WARN_OBJC_LITERAL_CONVERSION = YES;
				CLANG_WARN_OBJC_ROOT_CLASS = YES_ERROR;
				CLANG_WARN_QUOTED_INCLUDE_IN_FRAMEWORK_HEADER = YES;
				CLANG_WARN_RANGE_LOOP_ANALYSIS = YES;
				CLANG_WARN_STRICT_PROTOTYPES = YES;
				CLANG_WARN_SUSPICIOUS_MOVE = YES;
				CLANG_WARN_UNGUARDED_AVAILABILITY = YES_AGGRESSIVE;
				CLANG_WARN_UNREACHABLE_CODE = YES;
				CLANG_WARN__DUPLICATE_METHOD_MATCH = YES;
				COPY_PHASE_STRIP = NO;
				DEBUG_INFORMATION_FORMAT = "dwarf-with-dsym";
				ENABLE_NS_ASSERTIONS = NO;
				ENABLE_STRICT_OBJC_MSGSEND = YES;
				GCC_C_LANGUAGE_STANDARD = gnu11;
				GCC_NO_COMMON_BLOCKS = YES;
				GCC_WARN_64_TO_32_BIT_CONVERSION = YES;
				GCC_WARN_ABOUT_RETURN_TYPE = YES_ERROR;
				GCC_WARN_UNDECLARED_SELECTOR = YES;
				GCC_WARN_UNINITIALIZED_AUTOS = YES_AGGRESSIVE;
				GCC_WARN_UNUSED_FUNCTION = YES;
				GCC_WARN_UNUSED_VARIABLE = YES;
				IPHONEOS_DEPLOYMENT_TARGET = 16.4;
				MTL_ENABLE_DEBUG_INFO = NO;
				MTL_FAST_MATH = YES;
				SDKROOT = iphoneos;
				SWIFT_COMPILATION_MODE = wholemodule;
				SWIFT_OPTIMIZATION_LEVEL = "-O";
				VALIDATE_PRODUCT = YES;
			};
			name = Release;
		};
		87F9C1D12AA3942900C962D9 /* Debug */ = {
			isa = XCBuildConfiguration;
			buildSettings = {
				ASSETCATALOG_COMPILER_APPICON_NAME = AppIcon;
				ASSETCATALOG_COMPILER_GLOBAL_ACCENT_COLOR_NAME = AccentColor;
				CODE_SIGN_STYLE = Automatic;
				CURRENT_PROJECT_VERSION = 1;
				DEVELOPMENT_ASSET_PATHS = "\"Kuchi/Preview Content\"";
				DEVELOPMENT_TEAM = Y32KBTQURG;
				ENABLE_PREVIEWS = YES;
				GENERATE_INFOPLIST_FILE = YES;
				INFOPLIST_KEY_UIApplicationSceneManifest_Generation = YES;
				INFOPLIST_KEY_UIApplicationSupportsIndirectInputEvents = YES;
				INFOPLIST_KEY_UILaunchScreen_Generation = YES;
				INFOPLIST_KEY_UISupportedInterfaceOrientations_iPad = "UIInterfaceOrientationPortrait UIInterfaceOrientationPortraitUpsideDown UIInterfaceOrientationLandscapeLeft UIInterfaceOrientationLandscapeRight";
				INFOPLIST_KEY_UISupportedInterfaceOrientations_iPhone = "UIInterfaceOrientationPortrait UIInterfaceOrientationLandscapeLeft UIInterfaceOrientationLandscapeRight";
				LD_RUNPATH_SEARCH_PATHS = (
					"$(inherited)",
					"@executable_path/Frameworks",
				);
				MARKETING_VERSION = 1.0;
				PRODUCT_BUNDLE_IDENTIFIER = com.krlsrlsv.Kuchi;
				PRODUCT_NAME = "$(TARGET_NAME)";
				SWIFT_EMIT_LOC_STRINGS = YES;
				SWIFT_VERSION = 5.0;
				TARGETED_DEVICE_FAMILY = "1,2";
			};
			name = Debug;
		};
		87F9C1D22AA3942900C962D9 /* Release */ = {
			isa = XCBuildConfiguration;
			buildSettings = {
				ASSETCATALOG_COMPILER_APPICON_NAME = AppIcon;
				ASSETCATALOG_COMPILER_GLOBAL_ACCENT_COLOR_NAME = AccentColor;
				CODE_SIGN_STYLE = Automatic;
				CURRENT_PROJECT_VERSION = 1;
				DEVELOPMENT_ASSET_PATHS = "\"Kuchi/Preview Content\"";
				DEVELOPMENT_TEAM = Y32KBTQURG;
				ENABLE_PREVIEWS = YES;
				GENERATE_INFOPLIST_FILE = YES;
				INFOPLIST_KEY_UIApplicationSceneManifest_Generation = YES;
				INFOPLIST_KEY_UIApplicationSupportsIndirectInputEvents = YES;
				INFOPLIST_KEY_UILaunchScreen_Generation = YES;
				INFOPLIST_KEY_UISupportedInterfaceOrientations_iPad = "UIInterfaceOrientationPortrait UIInterfaceOrientationPortraitUpsideDown UIInterfaceOrientationLandscapeLeft UIInterfaceOrientationLandscapeRight";
				INFOPLIST_KEY_UISupportedInterfaceOrientations_iPhone = "UIInterfaceOrientationPortrait UIInterfaceOrientationLandscapeLeft UIInterfaceOrientationLandscapeRight";
				LD_RUNPATH_SEARCH_PATHS = (
					"$(inherited)",
					"@executable_path/Frameworks",
				);
				MARKETING_VERSION = 1.0;
				PRODUCT_BUNDLE_IDENTIFIER = com.krlsrlsv.Kuchi;
				PRODUCT_NAME = "$(TARGET_NAME)";
				SWIFT_EMIT_LOC_STRINGS = YES;
				SWIFT_VERSION = 5.0;
				TARGETED_DEVICE_FAMILY = "1,2";
			};
			name = Release;
		};
/* End XCBuildConfiguration section */

/* Begin XCConfigurationList section */
		87F9C1BD2AA3942800C962D9 /* Build configuration list for PBXProject "Kuchi" */ = {
			isa = XCConfigurationList;
			buildConfigurations = (
				87F9C1CE2AA3942900C962D9 /* Debug */,
				87F9C1CF2AA3942900C962D9 /* Release */,
			);
			defaultConfigurationIsVisible = 0;
			defaultConfigurationName = Release;
		};
		87F9C1D02AA3942900C962D9 /* Build configuration list for PBXNativeTarget "Kuchi" */ = {
			isa = XCConfigurationList;
			buildConfigurations = (
				87F9C1D12AA3942900C962D9 /* Debug */,
				87F9C1D22AA3942900C962D9 /* Release */,
			);
			defaultConfigurationIsVisible = 0;
			defaultConfigurationName = Release;
		};
/* End XCConfigurationList section */
	};
	rootObject = 87F9C1BA2AA3942800C962D9 /* Project object */;
}
